
Microsoft Visual Studio Solution File, Format Version 12.00
# Visual Studio 15
VisualStudioVersion = 15.0.28010.2041
MinimumVisualStudioVersion = 10.0.40219.1
Project("{FAE04EC0-301F-11D3-BF4B-00C04F79EFBC}") = "AMIQueueMonitor", "AMIQueueMonitor\AMIQueueMonitor.csproj", "{E17646F6-8C71-49B1-A185-A5AB7884AF97}"
EndProject
Global
	GlobalSection(SolutionConfigurationPlatforms) = preSolution
		Debug|Any CPU = Debug|Any CPU
		Release|Any CPU = Release|Any CPU
	EndGlobalSection
	GlobalSection(ProjectConfigurationPlatforms) = postSolution
		{E17646F6-8C71-49B1-A185-A5AB7884AF97}.Debug|Any CPU.ActiveCfg = Debug|Any CPU
		{E17646F6-8C71-49B1-A185-A5AB7884AF97}.Debug|Any CPU.Build.0 = Debug|Any CPU
		{E17646F6-8C71-49B1-A185-A5AB7884AF97}.Release|Any CPU.ActiveCfg = Release|Any CPU
		{E17646F6-8C71-49B1-A185-A5AB7884AF97}.Release|Any CPU.Build.0 = Release|Any CPU
	EndGlobalSection
	GlobalSection(SolutionProperties) = preSolution
		HideSolutionNode = FALSE
	EndGlobalSection
	GlobalSection(ExtensibilityGlobals) = postSolution
		SolutionGuid = {C1A9381B-9612-4AFA-9910-2AF76D0148C7}
	EndGlobalSection
EndGlobal
